
Microsoft Visual Studio Solution File, Format Version 12.00
# Visual Studio Version 16
VisualStudioVersion = 16.0.31702.278
MinimumVisualStudioVersion = 10.0.40219.1
Project("{FAE04EC0-301F-11D3-BF4B-00C04F79EFBC}") = "Examen1Parcial", "Examen1Parcial\Examen1Parcial.csproj", "{EAA401C8-6EF8-428B-89A6-31967C6964F6}"
EndProject
Global
	GlobalSection(SolutionConfigurationPlatforms) = preSolution
		Debug|Any CPU = Debug|Any CPU
		Release|Any CPU = Release|Any CPU
	EndGlobalSection
	GlobalSection(ProjectConfigurationPlatforms) = postSolution
		{EAA401C8-6EF8-428B-89A6-31967C6964F6}.Debug|Any CPU.ActiveCfg = Debug|Any CPU
		{EAA401C8-6EF8-428B-89A6-31967C6964F6}.Debug|Any CPU.Build.0 = Debug|Any CPU
		{EAA401C8-6EF8-428B-89A6-31967C6964F6}.Release|Any CPU.ActiveCfg = Release|Any CPU
		{EAA401C8-6EF8-428B-89A6-31967C6964F6}.Release|Any CPU.Build.0 = Release|Any CPU
	EndGlobalSection
	GlobalSection(SolutionProperties) = preSolution
		HideSolutionNode = FALSE
	EndGlobalSection
	GlobalSection(ExtensibilityGlobals) = postSolution
		SolutionGuid = {2CCB3D88-CCE6-469E-8E0A-F580FC9C8EE5}
	EndGlobalSection
EndGlobal
